
Microsoft Visual Studio Solution File, Format Version 12.00
# Visual Studio Version 17
VisualStudioVersion = 17.1.32407.343
MinimumVisualStudioVersion = 10.0.40219.1
Project("{9A19103F-16F7-4668-BE54-9A1E7A4F7556}") = "API", "API\API.csproj", "{10CDCB18-85A0-4984-87D1-239D89E0BB4B}"
EndProject
Project("{9A19103F-16F7-4668-BE54-9A1E7A4F7556}") = "Application", "Application\Application.csproj", "{70012ACE-C855-4C09-8F3C-35BAB63E8338}"
EndProject
Project("{9A19103F-16F7-4668-BE54-9A1E7A4F7556}") = "Implementations", "Implementations\Implementations.csproj", "{06A36EEB-D736-454D-BD40-39CDBC2D7BDF}"
EndProject
Project("{9A19103F-16F7-4668-BE54-9A1E7A4F7556}") = "Domain", "Domain\Domain.csproj", "{C2101573-6105-469C-8D13-EB8F9615D2C4}"
EndProject
Project("{9A19103F-16F7-4668-BE54-9A1E7A4F7556}") = "DataAccess", "DataAccess\DataAccess.csproj", "{FC231530-0946-41A3-8A65-EF2B59581AFF}"
EndProject
Project("{9A19103F-16F7-4668-BE54-9A1E7A4F7556}") = "Tests", "Tests\Tests.csproj", "{9C5A4B1C-7CA3-4593-8D55-E60069A1E7F7}"
EndProject
Global
	GlobalSection(SolutionConfigurationPlatforms) = preSolution
		Debug|Any CPU = Debug|Any CPU
		Release|Any CPU = Release|Any CPU
	EndGlobalSection
	GlobalSection(ProjectConfigurationPlatforms) = postSolution
		{10CDCB18-85A0-4984-87D1-239D89E0BB4B}.Debug|Any CPU.ActiveCfg = Debug|Any CPU
		{10CDCB18-85A0-4984-87D1-239D89E0BB4B}.Debug|Any CPU.Build.0 = Debug|Any CPU
		{10CDCB18-85A0-4984-87D1-239D89E0BB4B}.Release|Any CPU.ActiveCfg = Release|Any CPU
		{10CDCB18-85A0-4984-87D1-239D89E0BB4B}.Release|Any CPU.Build.0 = Release|Any CPU
		{70012ACE-C855-4C09-8F3C-35BAB63E8338}.Debug|Any CPU.ActiveCfg = Debug|Any CPU
		{70012ACE-C855-4C09-8F3C-35BAB63E8338}.Debug|Any CPU.Build.0 = Debug|Any CPU
		{70012ACE-C855-4C09-8F3C-35BAB63E8338}.Release|Any CPU.ActiveCfg = Release|Any CPU
		{70012ACE-C855-4C09-8F3C-35BAB63E8338}.Release|Any CPU.Build.0 = Release|Any CPU
		{06A36EEB-D736-454D-BD40-39CDBC2D7BDF}.Debug|Any CPU.ActiveCfg = Debug|Any CPU
		{06A36EEB-D736-454D-BD40-39CDBC2D7BDF}.Debug|Any CPU.Build.0 = Debug|Any CPU
		{06A36EEB-D736-454D-BD40-39CDBC2D7BDF}.Release|Any CPU.ActiveCfg = Release|Any CPU
		{06A36EEB-D736-454D-BD40-39CDBC2D7BDF}.Release|Any CPU.Build.0 = Release|Any CPU
		{C2101573-6105-469C-8D13-EB8F9615D2C4}.Debug|Any CPU.ActiveCfg = Debug|Any CPU
		{C2101573-6105-469C-8D13-EB8F9615D2C4}.Debug|Any CPU.Build.0 = Debug|Any CPU
		{C2101573-6105-469C-8D13-EB8F9615D2C4}.Release|Any CPU.ActiveCfg = Release|Any CPU
		{C2101573-6105-469C-8D13-EB8F9615D2C4}.Release|Any CPU.Build.0 = Release|Any CPU
		{FC231530-0946-41A3-8A65-EF2B59581AFF}.Debug|Any CPU.ActiveCfg = Debug|Any CPU
		{FC231530-0946-41A3-8A65-EF2B59581AFF}.Debug|Any CPU.Build.0 = Debug|Any CPU
		{FC231530-0946-41A3-8A65-EF2B59581AFF}.Release|Any CPU.ActiveCfg = Release|Any CPU
		{FC231530-0946-41A3-8A65-EF2B59581AFF}.Release|Any CPU.Build.0 = Release|Any CPU
		{9C5A4B1C-7CA3-4593-8D55-E60069A1E7F7}.Debug|Any CPU.ActiveCfg = Debug|Any CPU
		{9C5A4B1C-7CA3-4593-8D55-E60069A1E7F7}.Debug|Any CPU.Build.0 = Debug|Any CPU
		{9C5A4B1C-7CA3-4593-8D55-E60069A1E7F7}.Release|Any CPU.ActiveCfg = Release|Any CPU
		{9C5A4B1C-7CA3-4593-8D55-E60069A1E7F7}.Release|Any CPU.Build.0 = Release|Any CPU
	EndGlobalSection
	GlobalSection(SolutionProperties) = preSolution
		HideSolutionNode = FALSE
	EndGlobalSection
	GlobalSection(ExtensibilityGlobals) = postSolution
		SolutionGuid = {818221AE-6B1D-4049-8A24-A050EABE012E}
	EndGlobalSection
EndGlobal
